// !$*UTF8*$!
{
	archiveVersion = 1;
	classes = {
	};
	objectVersion = 55;
	objects = {

/* Begin PBXBuildFile section */
		CFEC1EFB28624B8300C1D788 /* H4X0R_News_SwiftUIApp.swift in Sources */ = {isa = PBXBuildFile; fileRef = CFEC1EFA28624B8300C1D788 /* H4X0R_News_SwiftUIApp.swift */; };
		CFEC1EFD28624B8300C1D788 /* ContentView.swift in Sources */ = {isa = PBXBuildFile; fileRef = CFEC1EFC28624B8300C1D788 /* ContentView.swift */; };
		CFEC1EFF28624B8500C1D788 /* Assets.xcassets in Resources */ = {isa = PBXBuildFile; fileRef = CFEC1EFE28624B8500C1D788 /* Assets.xcassets */; };
		CFEC1F0228624B8500C1D788 /* Preview Assets.xcassets in Resources */ = {isa = PBXBuildFile; fileRef = CFEC1F0128624B8500C1D788 /* Preview Assets.xcassets */; };
		CFEC1F0A2862549100C1D788 /* NetworkManager.swift in Sources */ = {isa = PBXBuildFile; fileRef = CFEC1F092862549100C1D788 /* NetworkManager.swift */; };
		CFEC1F0D2862569300C1D788 /* PostData.swift in Sources */ = {isa = PBXBuildFile; fileRef = CFEC1F0C2862569300C1D788 /* PostData.swift */; };
		CFEC1F10286260EB00C1D788 /* DetailView.swift in Sources */ = {isa = PBXBuildFile; fileRef = CFEC1F0F286260EB00C1D788 /* DetailView.swift */; };
		CFEC1F122862654900C1D788 /* WebView.swift in Sources */ = {isa = PBXBuildFile; fileRef = CFEC1F112862654800C1D788 /* WebView.swift */; };
/* End PBXBuildFile section */

/* Begin PBXFileReference section */
		CFEC1EF728624B8300C1D788 /* H4X0R News SwiftUI.app */ = {isa = PBXFileReference; explicitFileType = wrapper.application; includeInIndex = 0; path = "H4X0R News SwiftUI.app"; sourceTree = BUILT_PRODUCTS_DIR; };
		CFEC1EFA28624B8300C1D788 /* H4X0R_News_SwiftUIApp.swift */ = {isa = PBXFileReference; lastKnownFileType = sourcecode.swift; path = H4X0R_News_SwiftUIApp.swift; sourceTree = "<group>"; };
		CFEC1EFC28624B8300C1D788 /* ContentView.swift */ = {isa = PBXFileReference; lastKnownFileType = sourcecode.swift; path = ContentView.swift; sourceTree = "<group>"; };
		CFEC1EFE28624B8500C1D788 /* Assets.xcassets */ = {isa = PBXFileReference; lastKnownFileType = folder.assetcatalog; path = Assets.xcassets; sourceTree = "<group>"; };
		CFEC1F0128624B8500C1D788 /* Preview Assets.xcassets */ = {isa = PBXFileReference; lastKnownFileType = folder.assetcatalog; path = "Preview Assets.xcassets"; sourceTree = "<group>"; };
		CFEC1F092862549100C1D788 /* NetworkManager.swift */ = {isa = PBXFileReference; lastKnownFileType = sourcecode.swift; path = NetworkManager.swift; sourceTree = "<group>"; };
		CFEC1F0C2862569300C1D788 /* PostData.swift */ = {isa = PBXFileReference; lastKnownFileType = sourcecode.swift; path = PostData.swift; sourceTree = "<group>"; };
		CFEC1F0F286260EB00C1D788 /* DetailView.swift */ = {isa = PBXFileReference; lastKnownFileType = sourcecode.swift; path = DetailView.swift; sourceTree = "<group>"; };
		CFEC1F112862654800C1D788 /* WebView.swift */ = {isa = PBXFileReference; lastKnownFileType = sourcecode.swift; path = WebView.swift; sourceTree = "<group>"; };
/* End PBXFileReference section */

/* Begin PBXFrameworksBuildPhase section */
		CFEC1EF428624B8300C1D788 /* Frameworks */ = {
			isa = PBXFrameworksBuildPhase;
			buildActionMask = 2147483647;
			files = (
			);
			runOnlyForDeploymentPostprocessing = 0;
		};
/* End PBXFrameworksBuildPhase section */

/* Begin PBXGroup section */
		CFEC1EEE28624B8300C1D788 = {
			isa = PBXGroup;
			children = (
				CFEC1EF928624B8300C1D788 /* H4X0R News SwiftUI */,
				CFEC1EF828624B8300C1D788 /* Products */,
			);
			sourceTree = "<group>";
		};
		CFEC1EF828624B8300C1D788 /* Products */ = {
			isa = PBXGroup;
			children = (
				CFEC1EF728624B8300C1D788 /* H4X0R News SwiftUI.app */,
			);
			name = Products;
			sourceTree = "<group>";
		};
		CFEC1EF928624B8300C1D788 /* H4X0R News SwiftUI */ = {
			isa = PBXGroup;
			children = (
				CFEC1EFA28624B8300C1D788 /* H4X0R_News_SwiftUIApp.swift */,
				CFEC1F0E286260DB00C1D788 /* Views */,
				CFEC1F082862547000C1D788 /* Models */,
				CFEC1EFE28624B8500C1D788 /* Assets.xcassets */,
				CFEC1F0028624B8500C1D788 /* Preview Content */,
			);
			path = "H4X0R News SwiftUI";
			sourceTree = "<group>";
		};
		CFEC1F0028624B8500C1D788 /* Preview Content */ = {
			isa = PBXGroup;
			children = (
				CFEC1F0128624B8500C1D788 /* Preview Assets.xcassets */,
			);
			path = "Preview Content";
			sourceTree = "<group>";
		};
		CFEC1F082862547000C1D788 /* Models */ = {
			isa = PBXGroup;
			children = (
				CFEC1F092862549100C1D788 /* NetworkManager.swift */,
				CFEC1F0C2862569300C1D788 /* PostData.swift */,
			);
			path = Models;
			sourceTree = "<group>";
		};
		CFEC1F0E286260DB00C1D788 /* Views */ = {
			isa = PBXGroup;
			children = (
				CFEC1EFC28624B8300C1D788 /* ContentView.swift */,
				CFEC1F0F286260EB00C1D788 /* DetailView.swift */,
				CFEC1F112862654800C1D788 /* WebView.swift */,
			);
			path = Views;
			sourceTree = "<group>";
		};
/* End PBXGroup section */

/* Begin PBXNativeTarget section */
		CFEC1EF628624B8300C1D788 /* H4X0R News SwiftUI */ = {
			isa = PBXNativeTarget;
			buildConfigurationList = CFEC1F0528624B8500C1D788 /* Build configuration list for PBXNativeTarget "H4X0R News SwiftUI" */;
			buildPhases = (
				CFEC1EF328624B8300C1D788 /* Sources */,
				CFEC1EF428624B8300C1D788 /* Frameworks */,
				CFEC1EF528624B8300C1D788 /* Resources */,
			);
			buildRules = (
			);
			dependencies = (
			);
			name = "H4X0R News SwiftUI";
			productName = "H4X0R News SwiftUI";
			productReference = CFEC1EF728624B8300C1D788 /* H4X0R News SwiftUI.app */;
			productType = "com.apple.product-type.application";
		};
/* End PBXNativeTarget section */

/* Begin PBXProject section */
		CFEC1EEF28624B8300C1D788 /* Project object */ = {
			isa = PBXProject;
			attributes = {
				BuildIndependentTargetsInParallel = 1;
				LastSwiftUpdateCheck = 1330;
				LastUpgradeCheck = 1330;
				TargetAttributes = {
					CFEC1EF628624B8300C1D788 = {
						CreatedOnToolsVersion = 13.3;
					};
				};
			};
			buildConfigurationList = CFEC1EF228624B8300C1D788 /* Build configuration list for PBXProject "H4X0R News SwiftUI" */;
			compatibilityVersion = "Xcode 13.0";
			developmentRegion = en;
			hasScannedForEncodings = 0;
			knownRegions = (
				en,
				Base,
			);
			mainGroup = CFEC1EEE28624B8300C1D788;
			productRefGroup = CFEC1EF828624B8300C1D788 /* Products */;
			projectDirPath = "";
			projectRoot = "";
			targets = (
				CFEC1EF628624B8300C1D788 /* H4X0R News SwiftUI */,
			);
		};
/* End PBXProject section */

/* Begin PBXResourcesBuildPhase section */
		CFEC1EF528624B8300C1D788 /* Resources */ = {
			isa = PBXResourcesBuildPhase;
			buildActionMask = 2147483647;
			files = (
				CFEC1F0228624B8500C1D788 /* Preview Assets.xcassets in Resources */,
				CFEC1EFF28624B8500C1D788 /* Assets.xcassets in Resources */,
			);
			runOnlyForDeploymentPostprocessing = 0;
		};
/* End PBXResourcesBuildPhase section */

/* Begin PBXSourcesBuildPhase section */
		CFEC1EF328624B8300C1D788 /* Sources */ = {
			isa = PBXSourcesBuildPhase;
			buildActionMask = 2147483647;
			files = (
				CFEC1F0A2862549100C1D788 /* NetworkManager.swift in Sources */,
				CFEC1F0D2862569300C1D788 /* PostData.swift in Sources */,
				CFEC1EFD28624B8300C1D788 /* ContentView.swift in Sources */,
				CFEC1F122862654900C1D788 /* WebView.swift in Sources */,
				CFEC1F10286260EB00C1D788 /* DetailView.swift in Sources */,
				CFEC1EFB28624B8300C1D788 /* H4X0R_News_SwiftUIApp.swift in Sources */,
			);
			runOnlyForDeploymentPostprocessing = 0;
		};
/* End PBXSourcesBuildPhase section */

/* Begin XCBuildConfiguration section */
		CFEC1F0328624B8500C1D788 /* Debug */ = {
			isa = XCBuildConfiguration;
			buildSettings = {
				ALWAYS_SEARCH_USER_PATHS = NO;
				CLANG_ANALYZER_NONNULL = YES;
				CLANG_ANALYZER_NUMBER_OBJECT_CONVERSION = YES_AGGRESSIVE;
				CLANG_CXX_LANGUAGE_STANDARD = "gnu++17";
				CLANG_ENABLE_MODULES = YES;
				CLANG_ENABLE_OBJC_ARC = YES;
				CLANG_ENABLE_OBJC_WEAK = YES;
				CLANG_WARN_BLOCK_CAPTURE_AUTORELEASING = YES;
				CLANG_WARN_BOOL_CONVERSION = YES;
				CLANG_WARN_COMMA = YES;
				CLANG_WARN_CONSTANT_CONVERSION = YES;
				CLANG_WARN_DEPRECATED_OBJC_IMPLEMENTATIONS = YES;
				CLANG_WARN_DIRECT_OBJC_ISA_USAGE = YES_ERROR;
				CLANG_WARN_DOCUMENTATION_COMMENTS = YES;
				CLANG_WARN_EMPTY_BODY = YES;
				CLANG_WARN_ENUM_CONVERSION = YES;
				CLANG_WARN_INFINITE_RECURSION = YES;
				CLANG_WARN_INT_CONVERSION = YES;
				CLANG_WARN_NON_LITERAL_NULL_CONVERSION = YES;
				CLANG_WARN_OBJC_IMPLICIT_RETAIN_SELF = YES;
				CLANG_WARN_OBJC_LITERAL_CONVERSION = YES;
				CLANG_WARN_OBJC_ROOT_CLASS = YES_ERROR;
				CLANG_WARN_QUOTED_INCLUDE_IN_FRAMEWORK_HEADER = YES;
				CLANG_WARN_RANGE_LOOP_ANALYSIS = YES;
				CLANG_WARN_STRICT_PROTOTYPES = YES;
				CLANG_WARN_SUSPICIOUS_MOVE = YES;
				CLANG_WARN_UNGUARDED_AVAILABILITY = YES_AGGRESSIVE;
				CLANG_WARN_UNREACHABLE_CODE = YES;
				CLANG_WARN__DUPLICATE_METHOD_MATCH = YES;
				COPY_PHASE_STRIP = NO;
				DEBUG_INFORMATION_FORMAT = dwarf;
				ENABLE_STRICT_OBJC_MSGSEND = YES;
				ENABLE_TESTABILITY = YES;
				GCC_C_LANGUAGE_STANDARD = gnu11;
				GCC_DYNAMIC_NO_PIC = NO;
				GCC_NO_COMMON_BLOCKS = YES;
				GCC_OPTIMIZATION_LEVEL = 0;
				GCC_PREPROCESSOR_DEFINITIONS = (
					"DEBUG=1",
					"$(inherited)",
				);
				GCC_WARN_64_TO_32_BIT_CONVERSION = YES;
				GCC_WARN_ABOUT_RETURN_TYPE = YES_ERROR;
				GCC_WARN_UNDECLARED_SELECTOR = YES;
				GCC_WARN_UNINITIALIZED_AUTOS = YES_AGGRESSIVE;
				GCC_WARN_UNUSED_FUNCTION = YES;
				GCC_WARN_UNUSED_VARIABLE = YES;
				IPHONEOS_DEPLOYMENT_TARGET = 15.4;
				MTL_ENABLE_DEBUG_INFO = INCLUDE_SOURCE;
				MTL_FAST_MATH = YES;
				ONLY_ACTIVE_ARCH = YES;
				SDKROOT = iphoneos;
				SWIFT_ACTIVE_COMPILATION_CONDITIONS = DEBUG;
				SWIFT_OPTIMIZATION_LEVEL = "-Onone";
			};
			name = Debug;
		};
		CFEC1F0428624B8500C1D788 /* Release */ = {
			isa = XCBuildConfiguration;
			buildSettings = {
				ALWAYS_SEARCH_USER_PATHS = NO;
				CLANG_ANALYZER_NONNULL = YES;
				CLANG_ANALYZER_NUMBER_OBJECT_CONVERSION = YES_AGGRESSIVE;
				CLANG_CXX_LANGUAGE_STANDARD = "gnu++17";
				CLANG_ENABLE_MODULES = YES;
				CLANG_ENABLE_OBJC_ARC = YES;
				CLANG_ENABLE_OBJC_WEAK = YES;
				CLANG_WARN_BLOCK_CAPTURE_AUTORELEASING = YES;
				CLANG_WARN_BOOL_CONVERSION = YES;
				CLANG_WARN_COMMA = YES;
				CLANG_WARN_CONSTANT_CONVERSION = YES;
				CLANG_WARN_DEPRECATED_OBJC_IMPLEMENTATIONS = YES;
				CLANG_WARN_DIRECT_OBJC_ISA_USAGE = YES_ERROR;
				CLANG_WARN_DOCUMENTATION_COMMENTS = YES;
				CLANG_WARN_EMPTY_BODY = YES;
				CLANG_WARN_ENUM_CONVERSION = YES;
				CLANG_WARN_INFINITE_RECURSION = YES;
				CLANG_WARN_INT_CONVERSION = YES;
				CLANG_WARN_NON_LITERAL_NULL_CONVERSION = YES;
				CLANG_WARN_OBJC_IMPLICIT_RETAIN_SELF = YES;
				CLANG_WARN_OBJC_LITERAL_CONVERSION = YES;
				CLANG_WARN_OBJC_ROOT_CLASS = YES_ERROR;
				CLANG_WARN_QUOTED_INCLUDE_IN_FRAMEWORK_HEADER = YES;
				CLANG_WARN_RANGE_LOOP_ANALYSIS = YES;
				CLANG_WARN_STRICT_PROTOTYPES = YES;
				CLANG_WARN_SUSPICIOUS_MOVE = YES;
				CLANG_WARN_UNGUARDED_AVAILABILITY = YES_AGGRESSIVE;
				CLANG_WARN_UNREACHABLE_CODE = YES;
				CLANG_WARN__DUPLICATE_METHOD_MATCH = YES;
				COPY_PHASE_STRIP = NO;
				DEBUG_INFORMATION_FORMAT = "dwarf-with-dsym";
				ENABLE_NS_ASSERTIONS = NO;
				ENABLE_STRICT_OBJC_MSGSEND = YES;
				GCC_C_LANGUAGE_STANDARD = gnu11;
				GCC_NO_COMMON_BLOCKS = YES;
				GCC_WARN_64_TO_32_BIT_CONVERSION = YES;
				GCC_WARN_ABOUT_RETURN_TYPE = YES_ERROR;
				GCC_WARN_UNDECLARED_SELECTOR = YES;
				GCC_WARN_UNINITIALIZED_AUTOS = YES_AGGRESSIVE;
				GCC_WARN_UNUSED_FUNCTION = YES;
				GCC_WARN_UNUSED_VARIABLE = YES;
				IPHONEOS_DEPLOYMENT_TARGET = 15.4;
				MTL_ENABLE_DEBUG_INFO = NO;
				MTL_FAST_MATH = YES;
				SDKROOT = iphoneos;
				SWIFT_COMPILATION_MODE = wholemodule;
				SWIFT_OPTIMIZATION_LEVEL = "-O";
				VALIDATE_PRODUCT = YES;
			};
			name = Release;
		};
		CFEC1F0628624B8500C1D788 /* Debug */ = {
			isa = XCBuildConfiguration;
			buildSettings = {
				ASSETCATALOG_COMPILER_APPICON_NAME = AppIcon;
				ASSETCATALOG_COMPILER_GLOBAL_ACCENT_COLOR_NAME = AccentColor;
				CODE_SIGN_STYLE = Automatic;
				CURRENT_PROJECT_VERSION = 1;
				DEVELOPMENT_ASSET_PATHS = "\"H4X0R News SwiftUI/Preview Content\"";
				DEVELOPMENT_TEAM = R3FP43K75Q;
				ENABLE_PREVIEWS = YES;
				GENERATE_INFOPLIST_FILE = YES;
				INFOPLIST_KEY_UIApplicationSceneManifest_Generation = YES;
				INFOPLIST_KEY_UIApplicationSupportsIndirectInputEvents = YES;
				INFOPLIST_KEY_UILaunchScreen_Generation = YES;
				INFOPLIST_KEY_UISupportedInterfaceOrientations_iPad = "UIInterfaceOrientationPortrait UIInterfaceOrientationPortraitUpsideDown UIInterfaceOrientationLandscapeLeft UIInterfaceOrientationLandscapeRight";
				INFOPLIST_KEY_UISupportedInterfaceOrientations_iPhone = "UIInterfaceOrientationPortrait UIInterfaceOrientationLandscapeLeft UIInterfaceOrientationLandscapeRight";
				LD_RUNPATH_SEARCH_PATHS = (
					"$(inherited)",
					"@executable_path/Frameworks",
				);
				MARKETING_VERSION = 1.0;
				PRODUCT_BUNDLE_IDENTIFIER = "Nyade.H4X0R-News-SwiftUI";
				PRODUCT_NAME = "$(TARGET_NAME)";
				SWIFT_EMIT_LOC_STRINGS = YES;
				SWIFT_VERSION = 5.0;
				TARGETED_DEVICE_FAMILY = "1,2";
			};
			name = Debug;
		};
		CFEC1F0728624B8500C1D788 /* Release */ = {
			isa = XCBuildConfiguration;
			buildSettings = {
				ASSETCATALOG_COMPILER_APPICON_NAME = AppIcon;
				ASSETCATALOG_COMPILER_GLOBAL_ACCENT_COLOR_NAME = AccentColor;
				CODE_SIGN_STYLE = Automatic;
				CURRENT_PROJECT_VERSION = 1;
				DEVELOPMENT_ASSET_PATHS = "\"H4X0R News SwiftUI/Preview Content\"";
				DEVELOPMENT_TEAM = R3FP43K75Q;
				ENABLE_PREVIEWS = YES;
				GENERATE_INFOPLIST_FILE = YES;
				INFOPLIST_KEY_UIApplicationSceneManifest_Generation = YES;
				INFOPLIST_KEY_UIApplicationSupportsIndirectInputEvents = YES;
				INFOPLIST_KEY_UILaunchScreen_Generation = YES;
				INFOPLIST_KEY_UISupportedInterfaceOrientations_iPad = "UIInterfaceOrientationPortrait UIInterfaceOrientationPortraitUpsideDown UIInterfaceOrientationLandscapeLeft UIInterfaceOrientationLandscapeRight";
				INFOPLIST_KEY_UISupportedInterfaceOrientations_iPhone = "UIInterfaceOrientationPortrait UIInterfaceOrientationLandscapeLeft UIInterfaceOrientationLandscapeRight";
				LD_RUNPATH_SEARCH_PATHS = (
					"$(inherited)",
					"@executable_path/Frameworks",
				);
				MARKETING_VERSION = 1.0;
				PRODUCT_BUNDLE_IDENTIFIER = "Nyade.H4X0R-News-SwiftUI";
				PRODUCT_NAME = "$(TARGET_NAME)";
				SWIFT_EMIT_LOC_STRINGS = YES;
				SWIFT_VERSION = 5.0;
				TARGETED_DEVICE_FAMILY = "1,2";
			};
			name = Release;
		};
/* End XCBuildConfiguration section */

/* Begin XCConfigurationList section */
		CFEC1EF228624B8300C1D788 /* Build configuration list for PBXProject "H4X0R News SwiftUI" */ = {
			isa = XCConfigurationList;
			buildConfigurations = (
				CFEC1F0328624B8500C1D788 /* Debug */,
				CFEC1F0428624B8500C1D788 /* Release */,
			);
			defaultConfigurationIsVisible = 0;
			defaultConfigurationName = Release;
		};
		CFEC1F0528624B8500C1D788 /* Build configuration list for PBXNativeTarget "H4X0R News SwiftUI" */ = {
			isa = XCConfigurationList;
			buildConfigurations = (
				CFEC1F0628624B8500C1D788 /* Debug */,
				CFEC1F0728624B8500C1D788 /* Release */,
			);
			defaultConfigurationIsVisible = 0;
			defaultConfigurationName = Release;
		};
/* End XCConfigurationList section */
	};
	rootObject = CFEC1EEF28624B8300C1D788 /* Project object */;
}
